id: p09_perm_stella_allow_block
type: permission
lp: P09
description: Permission rules for STELLA orchestrator — what it can and cannot do directly
scope: stella
version: 1.0.0
created: 2026-03-24
author: edison
quality: 9.0
tags:
- permission
- stella
- allow
- block
- orchestration
allow_list_execute_directly: '| Category | Operations |

  |----------|-----------|

  | Status | git status, git log, git diff |

  | Diagnostic | pwd, ls, cat, head, tail, echo |

  | Spawn | spawn_solo.ps1, spawn_grid.ps1, spawn_monitor.ps1 |

  | Read | Read, Glob, Grep tools |

  | Maintenance | del, rm, mkdir, copy, move |

  | Signals | read .claude/signals/, write completion signals |'
block_list_route_to_satellites: '| Domain | Route To |

  |--------|----------|

  | Research, market analysis | SHAKA |

  | Marketing, copy, ads | LILY |

  | Code, components, infra | EDISON |

  | Knowledge, indexing, RAG | PYTHA |

  | Deploy, test, debug | ATLAS |

  | Courses, pricing | YORK |'
confirm_required: Delete files, force push, production deploy, API key changes, payment operations.
principle: STELLA orchestrates, NEVER executes. If a task produces artifacts, it must be dispatched.
